PODS:
  - clipboard_watcher (0.0.1):
    - FlutterMacOS
  - FlutterMacOS (1.0.0)
  - HotKey (0.2.1)
  - hotkey_manager_macos (0.0.1):
    - FlutterMacOS
    - HotKey
  - screen_text_extractor (0.1.0):
    - FlutterMacOS

DEPENDENCIES:
  - clipboard_watcher (from `Flutter/ephemeral/.symlinks/plugins/clipboard_watcher/macos`)
  - FlutterMacOS (from `Flutter/ephemeral`)
  - hotkey_manager_macos (from `Flutter/ephemeral/.symlinks/plugins/hotkey_manager_macos/macos`)
  - screen_text_extractor (from `Flutter/ephemeral/.symlinks/plugins/screen_text_extractor/macos`)

SPEC REPOS:
  trunk:
    - HotKey

EXTERNAL SOURCES:
  clipboard_watcher:
    :path: Flutter/ephemeral/.symlinks/plugins/clipboard_watcher/macos
  FlutterMacOS:
    :path: Flutter/ephemeral
  hotkey_manager_macos:
    :path: Flutter/ephemeral/.symlinks/plugins/hotkey_manager_macos/macos
  screen_text_extractor:
    :path: Flutter/ephemeral/.symlinks/plugins/screen_text_extractor/macos

SPEC CHECKSUMS:
  clipboard_watcher: e9c9d88b3aea4889fe80025037e690e73600b160
  FlutterMacOS: d0db08ddef1a9af05a5ec4b724367152bb0500b1
  HotKey: 400beb7caa29054ea8d864c96f5ba7e5b4852277
  hotkey_manager_macos: a4317849af96d2430fa89944d3c58977ca089fbe
  screen_text_extractor: a23062e637bc69e2737476011ef192e2a77cb2f5

PODFILE CHECKSUM: 0d3963a09fc94f580682bd88480486da345dc3f0

COCOAPODS: 1.16.2
